
Microsoft Visual Studio Solution File, Format Version 12.00
# Visual Studio Version 17
VisualStudioVersion = 17.4.33213.308
MinimumVisualStudioVersion = 10.0.40219.1
Project("{F184B08F-C81C-45F6-A57F-5ABD9991F28F}") = "Presentacion", "Presentacion\Presentacion.vbproj", "{419DB82E-E661-4329-BB9A-5C789B909650}"
EndProject
Project("{F184B08F-C81C-45F6-A57F-5ABD9991F28F}") = "ReglaDeNegocio", "ReglaDeNegocio\ReglaDeNegocio.vbproj", "{35E53739-392C-4BB3-B7F6-10E8ECDEDF9B}"
EndProject
Project("{F184B08F-C81C-45F6-A57F-5ABD9991F28F}") = "AccesoDato", "AccesoDato\AccesoDato.vbproj", "{661B2ED0-2FC2-437A-8F86-26D14F19E4C7}"
EndProject
Project("{F184B08F-C81C-45F6-A57F-5ABD9991F28F}") = "Comun", "Comun\Comun.vbproj", "{7C8575E0-F10D-49F9-9AA3-71ECB2CA9156}"
EndProject
Global
	GlobalSection(SolutionConfigurationPlatforms) = preSolution
		Debug|Any CPU = Debug|Any CPU
		Release|Any CPU = Release|Any CPU
	EndGlobalSection
	GlobalSection(ProjectConfigurationPlatforms) = postSolution
		{419DB82E-E661-4329-BB9A-5C789B909650}.Debug|Any CPU.ActiveCfg = Debug|Any CPU
		{419DB82E-E661-4329-BB9A-5C789B909650}.Debug|Any CPU.Build.0 = Debug|Any CPU
		{419DB82E-E661-4329-BB9A-5C789B909650}.Release|Any CPU.ActiveCfg = Release|Any CPU
		{419DB82E-E661-4329-BB9A-5C789B909650}.Release|Any CPU.Build.0 = Release|Any CPU
		{35E53739-392C-4BB3-B7F6-10E8ECDEDF9B}.Debug|Any CPU.ActiveCfg = Debug|Any CPU
		{35E53739-392C-4BB3-B7F6-10E8ECDEDF9B}.Debug|Any CPU.Build.0 = Debug|Any CPU
		{35E53739-392C-4BB3-B7F6-10E8ECDEDF9B}.Release|Any CPU.ActiveCfg = Release|Any CPU
		{35E53739-392C-4BB3-B7F6-10E8ECDEDF9B}.Release|Any CPU.Build.0 = Release|Any CPU
		{661B2ED0-2FC2-437A-8F86-26D14F19E4C7}.Debug|Any CPU.ActiveCfg = Debug|Any CPU
		{661B2ED0-2FC2-437A-8F86-26D14F19E4C7}.Debug|Any CPU.Build.0 = Debug|Any CPU
		{661B2ED0-2FC2-437A-8F86-26D14F19E4C7}.Release|Any CPU.ActiveCfg = Release|Any CPU
		{661B2ED0-2FC2-437A-8F86-26D14F19E4C7}.Release|Any CPU.Build.0 = Release|Any CPU
		{7C8575E0-F10D-49F9-9AA3-71ECB2CA9156}.Debug|Any CPU.ActiveCfg = Debug|Any CPU
		{7C8575E0-F10D-49F9-9AA3-71ECB2CA9156}.Debug|Any CPU.Build.0 = Debug|Any CPU
		{7C8575E0-F10D-49F9-9AA3-71ECB2CA9156}.Release|Any CPU.ActiveCfg = Release|Any CPU
		{7C8575E0-F10D-49F9-9AA3-71ECB2CA9156}.Release|Any CPU.Build.0 = Release|Any CPU
	EndGlobalSection
	GlobalSection(SolutionProperties) = preSolution
		HideSolutionNode = FALSE
	EndGlobalSection
	GlobalSection(ExtensibilityGlobals) = postSolution
		SolutionGuid = {00BEFB59-0627-47FB-A07A-05E3F10AFD17}
	EndGlobalSection
EndGlobal
